
Microsoft Visual Studio Solution File, Format Version 12.00
# Visual Studio Version 16
VisualStudioVersion = 16.0.31624.102
MinimumVisualStudioVersion = 10.0.40219.1
Project("{9A19103F-16F7-4668-BE54-9A1E7A4F7556}") = "APP1", "APP1\APP1.csproj", "{258657AC-AC5B-49A5-908E-D77484EACD96}"
EndProject
Project("{9A19103F-16F7-4668-BE54-9A1E7A4F7556}") = "APITests", "APITests\APITests.csproj", "{A9264DFC-8697-4619-A241-5DB58632B7DF}"
EndProject
Global
	GlobalSection(SolutionConfigurationPlatforms) = preSolution
		Debug|Any CPU = Debug|Any CPU
		Release|Any CPU = Release|Any CPU
	EndGlobalSection
	GlobalSection(ProjectConfigurationPlatforms) = postSolution
		{258657AC-AC5B-49A5-908E-D77484EACD96}.Debug|Any CPU.ActiveCfg = Debug|Any CPU
		{258657AC-AC5B-49A5-908E-D77484EACD96}.Debug|Any CPU.Build.0 = Debug|Any CPU
		{258657AC-AC5B-49A5-908E-D77484EACD96}.Release|Any CPU.ActiveCfg = Release|Any CPU
		{258657AC-AC5B-49A5-908E-D77484EACD96}.Release|Any CPU.Build.0 = Release|Any CPU
		{A9264DFC-8697-4619-A241-5DB58632B7DF}.Debug|Any CPU.ActiveCfg = Debug|Any CPU
		{A9264DFC-8697-4619-A241-5DB58632B7DF}.Debug|Any CPU.Build.0 = Debug|Any CPU
		{A9264DFC-8697-4619-A241-5DB58632B7DF}.Release|Any CPU.ActiveCfg = Release|Any CPU
		{A9264DFC-8697-4619-A241-5DB58632B7DF}.Release|Any CPU.Build.0 = Release|Any CPU
	EndGlobalSection
	GlobalSection(SolutionProperties) = preSolution
		HideSolutionNode = FALSE
	EndGlobalSection
	GlobalSection(ExtensibilityGlobals) = postSolution
		SolutionGuid = {984A01E1-FE85-40CF-AE65-77BE4E0DD8F1}
	EndGlobalSection
EndGlobal
